
Microsoft Visual Studio Solution File, Format Version 12.00
# Visual Studio Version 17
VisualStudioVersion = 17.3.32819.101
MinimumVisualStudioVersion = 10.0.40219.1
Project("{FAE04EC0-301F-11D3-BF4B-00C04F79EFBC}") = "payrollConsole01", "payrollConsole01\payrollConsole01.csproj", "{531146A7-ADB2-4658-BA9E-581B32FBA20D}"
EndProject
Project("{FAE04EC0-301F-11D3-BF4B-00C04F79EFBC}") = "payrollGUI01", "payrollGUI01\payrollGUI01.csproj", "{48C1A5E3-A438-4295-B441-5B375718A5BA}"
EndProject
Global
	GlobalSection(SolutionConfigurationPlatforms) = preSolution
		Debug|Any CPU = Debug|Any CPU
		Release|Any CPU = Release|Any CPU
	EndGlobalSection
	GlobalSection(ProjectConfigurationPlatforms) = postSolution
		{531146A7-ADB2-4658-BA9E-581B32FBA20D}.Debug|Any CPU.ActiveCfg = Debug|Any CPU
		{531146A7-ADB2-4658-BA9E-581B32FBA20D}.Debug|Any CPU.Build.0 = Debug|Any CPU
		{531146A7-ADB2-4658-BA9E-581B32FBA20D}.Release|Any CPU.ActiveCfg = Release|Any CPU
		{531146A7-ADB2-4658-BA9E-581B32FBA20D}.Release|Any CPU.Build.0 = Release|Any CPU
		{48C1A5E3-A438-4295-B441-5B375718A5BA}.Debug|Any CPU.ActiveCfg = Debug|Any CPU
		{48C1A5E3-A438-4295-B441-5B375718A5BA}.Debug|Any CPU.Build.0 = Debug|Any CPU
		{48C1A5E3-A438-4295-B441-5B375718A5BA}.Release|Any CPU.ActiveCfg = Release|Any CPU
		{48C1A5E3-A438-4295-B441-5B375718A5BA}.Release|Any CPU.Build.0 = Release|Any CPU
	EndGlobalSection
	GlobalSection(SolutionProperties) = preSolution
		HideSolutionNode = FALSE
	EndGlobalSection
	GlobalSection(ExtensibilityGlobals) = postSolution
		SolutionGuid = {1CC8E3F7-6554-439A-93F1-38F3E3EBDC88}
	EndGlobalSection
EndGlobal
